
Microsoft Visual Studio Solution File, Format Version 12.00
# Visual Studio 15
VisualStudioVersion = 15.0.27428.2005
MinimumVisualStudioVersion = 10.0.40219.1
Project("{2150E333-8FDC-42A3-9474-1A3956D46DE8}") = "1 - Presentation", "1 - Presentation", "{7862C662-D5CD-458C-B797-189ED461B985}"
EndProject
Project("{2150E333-8FDC-42A3-9474-1A3956D46DE8}") = "2 - Services", "2 - Services", "{22BEEAAD-CDE1-49BF-B645-95EF3E962E24}"
EndProject
Project("{2150E333-8FDC-42A3-9474-1A3956D46DE8}") = "3 - Application", "3 - Application", "{AF78E993-F0A2-43FA-82AF-6EAC72720107}"
EndProject
Project("{2150E333-8FDC-42A3-9474-1A3956D46DE8}") = "4 - Domain", "4 - Domain", "{9CCEE9AB-060A-479D-B6C5-722F33E08C0A}"
EndProject
Project("{2150E333-8FDC-42A3-9474-1A3956D46DE8}") = "5 - Infra", "5 - Infra", "{5008BD8F-B202-401E-97C9-81822BEF680B}"
EndProject
Project("{2150E333-8FDC-42A3-9474-1A3956D46DE8}") = "5.1 - Data", "5.1 - Data", "{3B5115FF-2747-4B31-AC1C-68025F633210}"
EndProject
Project("{2150E333-8FDC-42A3-9474-1A3956D46DE8}") = "5.2 - CrossCutting", "5.2 - CrossCutting", "{9C727635-6A7B-40FA-87EB-15CC029C7B35}"
EndProject
Project("{9A19103F-16F7-4668-BE54-9A1E7A4F7556}") = "Controle.Domain", "src\Controle.Domain\Controle.Domain.csproj", "{F6415B6E-456E-4028-A05A-73A4E913B5D6}"
	ProjectSection(ProjectDependencies) = postProject
		{827381E2-750B-44F7-B6E3-35FC94BCC3F7} = {827381E2-750B-44F7-B6E3-35FC94BCC3F7}
	EndProjectSection
EndProject
Project("{9A19103F-16F7-4668-BE54-9A1E7A4F7556}") = "Controle.Domain.Core", "src\Controle.Domain.Core\Controle.Domain.Core.csproj", "{827381E2-750B-44F7-B6E3-35FC94BCC3F7}"
EndProject
Global
	GlobalSection(SolutionConfigurationPlatforms) = preSolution
		Debug|Any CPU = Debug|Any CPU
		Release|Any CPU = Release|Any CPU
	EndGlobalSection
	GlobalSection(ProjectConfigurationPlatforms) = postSolution
		{F6415B6E-456E-4028-A05A-73A4E913B5D6}.Debug|Any CPU.ActiveCfg = Debug|Any CPU
		{F6415B6E-456E-4028-A05A-73A4E913B5D6}.Debug|Any CPU.Build.0 = Debug|Any CPU
		{F6415B6E-456E-4028-A05A-73A4E913B5D6}.Release|Any CPU.ActiveCfg = Release|Any CPU
		{F6415B6E-456E-4028-A05A-73A4E913B5D6}.Release|Any CPU.Build.0 = Release|Any CPU
		{827381E2-750B-44F7-B6E3-35FC94BCC3F7}.Debug|Any CPU.ActiveCfg = Debug|Any CPU
		{827381E2-750B-44F7-B6E3-35FC94BCC3F7}.Debug|Any CPU.Build.0 = Debug|Any CPU
		{827381E2-750B-44F7-B6E3-35FC94BCC3F7}.Release|Any CPU.ActiveCfg = Release|Any CPU
		{827381E2-750B-44F7-B6E3-35FC94BCC3F7}.Release|Any CPU.Build.0 = Release|Any CPU
	EndGlobalSection
	GlobalSection(SolutionProperties) = preSolution
		HideSolutionNode = FALSE
	EndGlobalSection
	GlobalSection(NestedProjects) = preSolution
		{3B5115FF-2747-4B31-AC1C-68025F633210} = {5008BD8F-B202-401E-97C9-81822BEF680B}
		{9C727635-6A7B-40FA-87EB-15CC029C7B35} = {5008BD8F-B202-401E-97C9-81822BEF680B}
		{F6415B6E-456E-4028-A05A-73A4E913B5D6} = {9CCEE9AB-060A-479D-B6C5-722F33E08C0A}
		{827381E2-750B-44F7-B6E3-35FC94BCC3F7} = {9CCEE9AB-060A-479D-B6C5-722F33E08C0A}
	EndGlobalSection
	GlobalSection(ExtensibilityGlobals) = postSolution
		SolutionGuid = {EEC77395-E807-43C5-BEFB-CE1BA2985457}
	EndGlobalSection
EndGlobal
